
Microsoft Visual Studio Solution File, Format Version 12.00
# Visual Studio Version 17
VisualStudioVersion = 17.5.33516.290
MinimumVisualStudioVersion = 10.0.40219.1
Project("{FAE04EC0-301F-11D3-BF4B-00C04F79EFBC}") = "_211229001_Seyda_Acikgoz", "_211229001_Seyda_Acikgoz\_211229001_Seyda_Acikgoz.csproj", "{365C28E7-C570-484A-9118-97FF4B7B9D56}"
EndProject
Global
	GlobalSection(SolutionConfigurationPlatforms) = preSolution
		Debug|Any CPU = Debug|Any CPU
		Release|Any CPU = Release|Any CPU
	EndGlobalSection
	GlobalSection(ProjectConfigurationPlatforms) = postSolution
		{365C28E7-C570-484A-9118-97FF4B7B9D56}.Debug|Any CPU.ActiveCfg = Debug|Any CPU
		{365C28E7-C570-484A-9118-97FF4B7B9D56}.Debug|Any CPU.Build.0 = Debug|Any CPU
		{365C28E7-C570-484A-9118-97FF4B7B9D56}.Release|Any CPU.ActiveCfg = Release|Any CPU
		{365C28E7-C570-484A-9118-97FF4B7B9D56}.Release|Any CPU.Build.0 = Release|Any CPU
	EndGlobalSection
	GlobalSection(SolutionProperties) = preSolution
		HideSolutionNode = FALSE
	EndGlobalSection
	GlobalSection(ExtensibilityGlobals) = postSolution
		SolutionGuid = {6A4589B6-F22E-4FAC-B258-A5E19E3050BC}
	EndGlobalSection
EndGlobal
