
Microsoft Visual Studio Solution File, Format Version 12.00
# Visual Studio Version 17
VisualStudioVersion = 17.5.33516.290
MinimumVisualStudioVersion = 10.0.40219.1
Project("{FAE04EC0-301F-11D3-BF4B-00C04F79EFBC}") = "ConsoleApp_Elevator_Responsible", "ConsoleApp_Elevator_Responsible\ConsoleApp_Elevator_Responsible.csproj", "{7982A9ED-8794-448B-9C0E-969342A48964}"
EndProject
Global
	GlobalSection(SolutionConfigurationPlatforms) = preSolution
		Debug|Any CPU = Debug|Any CPU
		Release|Any CPU = Release|Any CPU
	EndGlobalSection
	GlobalSection(ProjectConfigurationPlatforms) = postSolution
		{7982A9ED-8794-448B-9C0E-969342A48964}.Debug|Any CPU.ActiveCfg = Debug|Any CPU
		{7982A9ED-8794-448B-9C0E-969342A48964}.Debug|Any CPU.Build.0 = Debug|Any CPU
		{7982A9ED-8794-448B-9C0E-969342A48964}.Release|Any CPU.ActiveCfg = Release|Any CPU
		{7982A9ED-8794-448B-9C0E-969342A48964}.Release|Any CPU.Build.0 = Release|Any CPU
	EndGlobalSection
	GlobalSection(SolutionProperties) = preSolution
		HideSolutionNode = FALSE
	EndGlobalSection
	GlobalSection(ExtensibilityGlobals) = postSolution
		SolutionGuid = {90040675-D948-4B0F-8265-F35BF684C8B4}
	EndGlobalSection
EndGlobal
