
Microsoft Visual Studio Solution File, Format Version 12.00
# Visual Studio Version 17
VisualStudioVersion = 17.5.33530.505
MinimumVisualStudioVersion = 10.0.40219.1
Project("{FAE04EC0-301F-11D3-BF4B-00C04F79EFBC}") = "FactoryMethod_Customer", "FactoryMethod_Customer\FactoryMethod_Customer.csproj", "{053E0558-8649-4D5C-92C0-F8FE2919FA8B}"
EndProject
Global
	GlobalSection(SolutionConfigurationPlatforms) = preSolution
		Debug|Any CPU = Debug|Any CPU
		Release|Any CPU = Release|Any CPU
	EndGlobalSection
	GlobalSection(ProjectConfigurationPlatforms) = postSolution
		{053E0558-8649-4D5C-92C0-F8FE2919FA8B}.Debug|Any CPU.ActiveCfg = Debug|Any CPU
		{053E0558-8649-4D5C-92C0-F8FE2919FA8B}.Debug|Any CPU.Build.0 = Debug|Any CPU
		{053E0558-8649-4D5C-92C0-F8FE2919FA8B}.Release|Any CPU.ActiveCfg = Release|Any CPU
		{053E0558-8649-4D5C-92C0-F8FE2919FA8B}.Release|Any CPU.Build.0 = Release|Any CPU
	EndGlobalSection
	GlobalSection(SolutionProperties) = preSolution
		HideSolutionNode = FALSE
	EndGlobalSection
	GlobalSection(ExtensibilityGlobals) = postSolution
		SolutionGuid = {DB6BC10F-B582-496E-A3D0-85F8500B2773}
	EndGlobalSection
EndGlobal
