
Microsoft Visual Studio Solution File, Format Version 12.00
# Visual Studio Version 17
VisualStudioVersion = 17.5.33530.505
MinimumVisualStudioVersion = 10.0.40219.1
Project("{FAE04EC0-301F-11D3-BF4B-00C04F79EFBC}") = "ConsoleApp_OCP", "ConsoleApp_OCP\ConsoleApp_OCP.csproj", "{D674A77F-200F-431A-9B5B-23D7585AA1C1}"
EndProject
Global
	GlobalSection(SolutionConfigurationPlatforms) = preSolution
		Debug|Any CPU = Debug|Any CPU
		Release|Any CPU = Release|Any CPU
	EndGlobalSection
	GlobalSection(ProjectConfigurationPlatforms) = postSolution
		{D674A77F-200F-431A-9B5B-23D7585AA1C1}.Debug|Any CPU.ActiveCfg = Debug|Any CPU
		{D674A77F-200F-431A-9B5B-23D7585AA1C1}.Debug|Any CPU.Build.0 = Debug|Any CPU
		{D674A77F-200F-431A-9B5B-23D7585AA1C1}.Release|Any CPU.ActiveCfg = Release|Any CPU
		{D674A77F-200F-431A-9B5B-23D7585AA1C1}.Release|Any CPU.Build.0 = Release|Any CPU
	EndGlobalSection
	GlobalSection(SolutionProperties) = preSolution
		HideSolutionNode = FALSE
	EndGlobalSection
	GlobalSection(ExtensibilityGlobals) = postSolution
		SolutionGuid = {127AC9F1-D2E2-4C36-95D5-1D6C5A7D05CF}
	EndGlobalSection
EndGlobal
