
Microsoft Visual Studio Solution File, Format Version 12.00
# Visual Studio Version 17
VisualStudioVersion = 17.5.33530.505
MinimumVisualStudioVersion = 10.0.40219.1
Project("{FAE04EC0-301F-11D3-BF4B-00C04F79EFBC}") = "DLL_Dinamik_Cagirma", "DLL_Dinamik_Cagirma\DLL_Dinamik_Cagirma.csproj", "{FBFA4798-E9AE-419E-94D7-35690F7299C0}"
EndProject
Global
	GlobalSection(SolutionConfigurationPlatforms) = preSolution
		Debug|Any CPU = Debug|Any CPU
		Release|Any CPU = Release|Any CPU
	EndGlobalSection
	GlobalSection(ProjectConfigurationPlatforms) = postSolution
		{FBFA4798-E9AE-419E-94D7-35690F7299C0}.Debug|Any CPU.ActiveCfg = Debug|Any CPU
		{FBFA4798-E9AE-419E-94D7-35690F7299C0}.Debug|Any CPU.Build.0 = Debug|Any CPU
		{FBFA4798-E9AE-419E-94D7-35690F7299C0}.Release|Any CPU.ActiveCfg = Release|Any CPU
		{FBFA4798-E9AE-419E-94D7-35690F7299C0}.Release|Any CPU.Build.0 = Release|Any CPU
	EndGlobalSection
	GlobalSection(SolutionProperties) = preSolution
		HideSolutionNode = FALSE
	EndGlobalSection
	GlobalSection(ExtensibilityGlobals) = postSolution
		SolutionGuid = {FA32A033-D37B-4D4A-AE6A-DB3542CE3039}
	EndGlobalSection
EndGlobal
