
Microsoft Visual Studio Solution File, Format Version 12.00
# Visual Studio Version 17
VisualStudioVersion = 17.5.33530.505
MinimumVisualStudioVersion = 10.0.40219.1
Project("{FAE04EC0-301F-11D3-BF4B-00C04F79EFBC}") = "211229001_Anti_OCP", "211229001_Anti_OCP\211229001_Anti_OCP.csproj", "{2843AD8F-A4B4-42FC-81D5-A09BD913A932}"
EndProject
Global
	GlobalSection(SolutionConfigurationPlatforms) = preSolution
		Debug|Any CPU = Debug|Any CPU
		Release|Any CPU = Release|Any CPU
	EndGlobalSection
	GlobalSection(ProjectConfigurationPlatforms) = postSolution
		{2843AD8F-A4B4-42FC-81D5-A09BD913A932}.Debug|Any CPU.ActiveCfg = Debug|Any CPU
		{2843AD8F-A4B4-42FC-81D5-A09BD913A932}.Debug|Any CPU.Build.0 = Debug|Any CPU
		{2843AD8F-A4B4-42FC-81D5-A09BD913A932}.Release|Any CPU.ActiveCfg = Release|Any CPU
		{2843AD8F-A4B4-42FC-81D5-A09BD913A932}.Release|Any CPU.Build.0 = Release|Any CPU
	EndGlobalSection
	GlobalSection(SolutionProperties) = preSolution
		HideSolutionNode = FALSE
	EndGlobalSection
	GlobalSection(ExtensibilityGlobals) = postSolution
		SolutionGuid = {C9B41A94-F970-4EDC-9703-7B2DFDF73BFC}
	EndGlobalSection
EndGlobal
