
Microsoft Visual Studio Solution File, Format Version 12.00
# Visual Studio Version 17
VisualStudioVersion = 17.5.33530.505
MinimumVisualStudioVersion = 10.0.40219.1
Project("{FAE04EC0-301F-11D3-BF4B-00C04F79EFBC}") = "FactoryMethod_Vehicle", "FactoryMethod_Vehicle\FactoryMethod_Vehicle.csproj", "{817D9AB9-0D5A-49E8-9667-2952566AAEA1}"
EndProject
Global
	GlobalSection(SolutionConfigurationPlatforms) = preSolution
		Debug|Any CPU = Debug|Any CPU
		Release|Any CPU = Release|Any CPU
	EndGlobalSection
	GlobalSection(ProjectConfigurationPlatforms) = postSolution
		{817D9AB9-0D5A-49E8-9667-2952566AAEA1}.Debug|Any CPU.ActiveCfg = Debug|Any CPU
		{817D9AB9-0D5A-49E8-9667-2952566AAEA1}.Debug|Any CPU.Build.0 = Debug|Any CPU
		{817D9AB9-0D5A-49E8-9667-2952566AAEA1}.Release|Any CPU.ActiveCfg = Release|Any CPU
		{817D9AB9-0D5A-49E8-9667-2952566AAEA1}.Release|Any CPU.Build.0 = Release|Any CPU
	EndGlobalSection
	GlobalSection(SolutionProperties) = preSolution
		HideSolutionNode = FALSE
	EndGlobalSection
	GlobalSection(ExtensibilityGlobals) = postSolution
		SolutionGuid = {53CF8DD6-9876-464E-B996-1518FE2825AB}
	EndGlobalSection
EndGlobal
