
Microsoft Visual Studio Solution File, Format Version 12.00
# Visual Studio Version 17
VisualStudioVersion = 17.5.33530.505
MinimumVisualStudioVersion = 10.0.40219.1
Project("{FAE04EC0-301F-11D3-BF4B-00C04F79EFBC}") = "ConsoleApp_LSP", "ConsoleApp_LSP\ConsoleApp_LSP.csproj", "{863E8F21-B47F-4430-A7CA-AB321C63178B}"
EndProject
Global
	GlobalSection(SolutionConfigurationPlatforms) = preSolution
		Debug|Any CPU = Debug|Any CPU
		Release|Any CPU = Release|Any CPU
	EndGlobalSection
	GlobalSection(ProjectConfigurationPlatforms) = postSolution
		{863E8F21-B47F-4430-A7CA-AB321C63178B}.Debug|Any CPU.ActiveCfg = Debug|Any CPU
		{863E8F21-B47F-4430-A7CA-AB321C63178B}.Debug|Any CPU.Build.0 = Debug|Any CPU
		{863E8F21-B47F-4430-A7CA-AB321C63178B}.Release|Any CPU.ActiveCfg = Release|Any CPU
		{863E8F21-B47F-4430-A7CA-AB321C63178B}.Release|Any CPU.Build.0 = Release|Any CPU
	EndGlobalSection
	GlobalSection(SolutionProperties) = preSolution
		HideSolutionNode = FALSE
	EndGlobalSection
	GlobalSection(ExtensibilityGlobals) = postSolution
		SolutionGuid = {0590EF57-BF51-48F5-B527-54E6B75B1C01}
	EndGlobalSection
EndGlobal
