
Microsoft Visual Studio Solution File, Format Version 12.00
# Visual Studio Version 17
VisualStudioVersion = 17.5.33530.505
MinimumVisualStudioVersion = 10.0.40219.1
Project("{FAE04EC0-301F-11D3-BF4B-00C04F79EFBC}") = "211229001_Anti_SRP", "211229001_Anti_SRP\211229001_Anti_SRP.csproj", "{AA79DE50-800E-47D3-8677-A917E5B67739}"
EndProject
Global
	GlobalSection(SolutionConfigurationPlatforms) = preSolution
		Debug|Any CPU = Debug|Any CPU
		Release|Any CPU = Release|Any CPU
	EndGlobalSection
	GlobalSection(ProjectConfigurationPlatforms) = postSolution
		{AA79DE50-800E-47D3-8677-A917E5B67739}.Debug|Any CPU.ActiveCfg = Debug|Any CPU
		{AA79DE50-800E-47D3-8677-A917E5B67739}.Debug|Any CPU.Build.0 = Debug|Any CPU
		{AA79DE50-800E-47D3-8677-A917E5B67739}.Release|Any CPU.ActiveCfg = Release|Any CPU
		{AA79DE50-800E-47D3-8677-A917E5B67739}.Release|Any CPU.Build.0 = Release|Any CPU
	EndGlobalSection
	GlobalSection(SolutionProperties) = preSolution
		HideSolutionNode = FALSE
	EndGlobalSection
	GlobalSection(ExtensibilityGlobals) = postSolution
		SolutionGuid = {46A123D7-9A85-4434-8CD8-B8E2CDDB4543}
	EndGlobalSection
EndGlobal
